
Microsoft Visual Studio Solution File, Format Version 12.00
# Visual Studio 15
VisualStudioVersion = 15.0.27703.2000
MinimumVisualStudioVersion = 10.0.40219.1
Project("{9A19103F-16F7-4668-BE54-9A1E7A4F7556}") = "BuildingBlock.Core", "BuildingBlock.Core\BuildingBlock.Core.csproj", "{7280FD8D-215B-4F12-9E22-A48B6C1CAF6A}"
EndProject
Project("{9A19103F-16F7-4668-BE54-9A1E7A4F7556}") = "Nwd.BackOffice", "Nwd.BackOffice\Nwd.BackOffice.csproj", "{0F2339D6-D3A3-42C7-B395-6F8FCD9DD44C}"
EndProject
Project("{9A19103F-16F7-4668-BE54-9A1E7A4F7556}") = "BuildingBlock.EventBus", "Nwd.BuildingBlock.EventBus\BuildingBlock.EventBus.csproj", "{57606721-DB65-4A3E-84CC-AF4BF4802CBF}"
EndProject
Project("{9A19103F-16F7-4668-BE54-9A1E7A4F7556}") = "BuildingBlock.EventBus.Rabbitmq", "Nwd.BuildingBlock.EventBus.Rabitmq\BuildingBlock.EventBus.Rabbitmq.csproj", "{7D6040E8-2E25-4D92-982E-3C3E74B55FFD}"
EndProject
Project("{2150E333-8FDC-42A3-9474-1A3956D46DE8}") = "BuildingBlocks", "BuildingBlocks", "{62B1964F-B012-4138-8D2C-35B1A96EDB79}"
EndProject
Project("{2150E333-8FDC-42A3-9474-1A3956D46DE8}") = "Services", "Services", "{255E2CD7-3E04-4ABC-807E-FBCE7A077843}"
EndProject
Project("{9A19103F-16F7-4668-BE54-9A1E7A4F7556}") = "BuildingBlock.IntegrationEventLog", "BuildingBlock.IntegrationEvent\BuildingBlock.IntegrationEventLog.csproj", "{0C6C5FCA-0337-45DA-8655-0BF1567B5FAF}"
EndProject
Project("{9A19103F-16F7-4668-BE54-9A1E7A4F7556}") = "Nwd.IntegrationEvents", "Nwd.IntegrationEvents\Nwd.IntegrationEvents.csproj", "{1D827C55-1143-465F-9321-564B270D2AA7}"
EndProject
Project("{9A19103F-16F7-4668-BE54-9A1E7A4F7556}") = "Nwd.Commerce", "Nwd.Commerce.Sales\Nwd.Commerce.csproj", "{FA7796CB-C66B-4F24-A00F-D6FBD467A227}"
EndProject
Project("{FAE04EC0-301F-11D3-BF4B-00C04F79EFBC}") = "BuildingBlock.RedisCache", "BuildingBlock.RedisCache\BuildingBlock.RedisCache.csproj", "{2A466EC8-A2F7-451C-A0D4-D72BBCC45242}"
EndProject
Global
	GlobalSection(SolutionConfigurationPlatforms) = preSolution
		Debug|Any CPU = Debug|Any CPU
		Release|Any CPU = Release|Any CPU
	EndGlobalSection
	GlobalSection(ProjectConfigurationPlatforms) = postSolution
		{7280FD8D-215B-4F12-9E22-A48B6C1CAF6A}.Debug|Any CPU.ActiveCfg = Debug|Any CPU
		{7280FD8D-215B-4F12-9E22-A48B6C1CAF6A}.Debug|Any CPU.Build.0 = Debug|Any CPU
		{7280FD8D-215B-4F12-9E22-A48B6C1CAF6A}.Release|Any CPU.ActiveCfg = Release|Any CPU
		{7280FD8D-215B-4F12-9E22-A48B6C1CAF6A}.Release|Any CPU.Build.0 = Release|Any CPU
		{0F2339D6-D3A3-42C7-B395-6F8FCD9DD44C}.Debug|Any CPU.ActiveCfg = Debug|Any CPU
		{0F2339D6-D3A3-42C7-B395-6F8FCD9DD44C}.Debug|Any CPU.Build.0 = Debug|Any CPU
		{0F2339D6-D3A3-42C7-B395-6F8FCD9DD44C}.Release|Any CPU.ActiveCfg = Release|Any CPU
		{0F2339D6-D3A3-42C7-B395-6F8FCD9DD44C}.Release|Any CPU.Build.0 = Release|Any CPU
		{57606721-DB65-4A3E-84CC-AF4BF4802CBF}.Debug|Any CPU.ActiveCfg = Debug|Any CPU
		{57606721-DB65-4A3E-84CC-AF4BF4802CBF}.Debug|Any CPU.Build.0 = Debug|Any CPU
		{57606721-DB65-4A3E-84CC-AF4BF4802CBF}.Release|Any CPU.ActiveCfg = Release|Any CPU
		{57606721-DB65-4A3E-84CC-AF4BF4802CBF}.Release|Any CPU.Build.0 = Release|Any CPU
		{7D6040E8-2E25-4D92-982E-3C3E74B55FFD}.Debug|Any CPU.ActiveCfg = Debug|Any CPU
		{7D6040E8-2E25-4D92-982E-3C3E74B55FFD}.Debug|Any CPU.Build.0 = Debug|Any CPU
		{7D6040E8-2E25-4D92-982E-3C3E74B55FFD}.Release|Any CPU.ActiveCfg = Release|Any CPU
		{7D6040E8-2E25-4D92-982E-3C3E74B55FFD}.Release|Any CPU.Build.0 = Release|Any CPU
		{0C6C5FCA-0337-45DA-8655-0BF1567B5FAF}.Debug|Any CPU.ActiveCfg = Debug|Any CPU
		{0C6C5FCA-0337-45DA-8655-0BF1567B5FAF}.Debug|Any CPU.Build.0 = Debug|Any CPU
		{0C6C5FCA-0337-45DA-8655-0BF1567B5FAF}.Release|Any CPU.ActiveCfg = Release|Any CPU
		{0C6C5FCA-0337-45DA-8655-0BF1567B5FAF}.Release|Any CPU.Build.0 = Release|Any CPU
		{1D827C55-1143-465F-9321-564B270D2AA7}.Debug|Any CPU.ActiveCfg = Debug|Any CPU
		{1D827C55-1143-465F-9321-564B270D2AA7}.Debug|Any CPU.Build.0 = Debug|Any CPU
		{1D827C55-1143-465F-9321-564B270D2AA7}.Release|Any CPU.ActiveCfg = Release|Any CPU
		{1D827C55-1143-465F-9321-564B270D2AA7}.Release|Any CPU.Build.0 = Release|Any CPU
		{FA7796CB-C66B-4F24-A00F-D6FBD467A227}.Debug|Any CPU.ActiveCfg = Debug|Any CPU
		{FA7796CB-C66B-4F24-A00F-D6FBD467A227}.Debug|Any CPU.Build.0 = Debug|Any CPU
		{FA7796CB-C66B-4F24-A00F-D6FBD467A227}.Release|Any CPU.ActiveCfg = Release|Any CPU
		{FA7796CB-C66B-4F24-A00F-D6FBD467A227}.Release|Any CPU.Build.0 = Release|Any CPU
		{2A466EC8-A2F7-451C-A0D4-D72BBCC45242}.Debug|Any CPU.ActiveCfg = Debug|Any CPU
		{2A466EC8-A2F7-451C-A0D4-D72BBCC45242}.Debug|Any CPU.Build.0 = Debug|Any CPU
		{2A466EC8-A2F7-451C-A0D4-D72BBCC45242}.Release|Any CPU.ActiveCfg = Release|Any CPU
		{2A466EC8-A2F7-451C-A0D4-D72BBCC45242}.Release|Any CPU.Build.0 = Release|Any CPU
	EndGlobalSection
	GlobalSection(SolutionProperties) = preSolution
		HideSolutionNode = FALSE
	EndGlobalSection
	GlobalSection(NestedProjects) = preSolution
		{7280FD8D-215B-4F12-9E22-A48B6C1CAF6A} = {62B1964F-B012-4138-8D2C-35B1A96EDB79}
		{0F2339D6-D3A3-42C7-B395-6F8FCD9DD44C} = {255E2CD7-3E04-4ABC-807E-FBCE7A077843}
		{57606721-DB65-4A3E-84CC-AF4BF4802CBF} = {62B1964F-B012-4138-8D2C-35B1A96EDB79}
		{7D6040E8-2E25-4D92-982E-3C3E74B55FFD} = {62B1964F-B012-4138-8D2C-35B1A96EDB79}
		{0C6C5FCA-0337-45DA-8655-0BF1567B5FAF} = {62B1964F-B012-4138-8D2C-35B1A96EDB79}
		{1D827C55-1143-465F-9321-564B270D2AA7} = {255E2CD7-3E04-4ABC-807E-FBCE7A077843}
		{FA7796CB-C66B-4F24-A00F-D6FBD467A227} = {255E2CD7-3E04-4ABC-807E-FBCE7A077843}
		{2A466EC8-A2F7-451C-A0D4-D72BBCC45242} = {62B1964F-B012-4138-8D2C-35B1A96EDB79}
	EndGlobalSection
	GlobalSection(ExtensibilityGlobals) = postSolution
		SolutionGuid = {10A16D8D-807B-4D47-B43E-CD4CA4E3FD96}
	EndGlobalSection
EndGlobal
